
Microsoft Visual Studio Solution File, Format Version 11.00
# Visual Studio 2010
Project("{FAE04EC0-301F-11D3-BF4B-00C04F79EFBC}") = "GoogleMobileAds", "GoogleMobileAds.csproj", "{297CD7FB-E0D5-3E52-6A7D-A1B2D0690DEA}"
EndProject
Project("{FAE04EC0-301F-11D3-BF4B-00C04F79EFBC}") = "Assembly-CSharp", "Assembly-CSharp.csproj", "{6EA7BB1B-2134-A112-E20E-A72941E241C0}"
EndProject
Project("{FAE04EC0-301F-11D3-BF4B-00C04F79EFBC}") = "Assembly-CSharp-Editor", "Assembly-CSharp-Editor.csproj", "{378A0748-2A5E-7C74-70C1-6BB7C019DB4B}"
EndProject
Project("{FAE04EC0-301F-11D3-BF4B-00C04F79EFBC}") = "GoogleMobileAds.Editor", "GoogleMobileAds.Editor.csproj", "{F2C4FE2A-3272-7E47-ED13-8FA5F3666064}"
EndProject
Global
	GlobalSection(SolutionConfigurationPlatforms) = preSolution
		Debug|Any CPU = Debug|Any CPU
		Release|Any CPU = Release|Any CPU
	EndGlobalSection
	GlobalSection(ProjectConfigurationPlatforms) = postSolution
		{297CD7FB-E0D5-3E52-6A7D-A1B2D0690DEA}.Debug|Any CPU.ActiveCfg = Debug|Any CPU
		{297CD7FB-E0D5-3E52-6A7D-A1B2D0690DEA}.Debug|Any CPU.Build.0 = Debug|Any CPU
		{297CD7FB-E0D5-3E52-6A7D-A1B2D0690DEA}.Release|Any CPU.ActiveCfg = Release|Any CPU
		{297CD7FB-E0D5-3E52-6A7D-A1B2D0690DEA}.Release|Any CPU.Build.0 = Release|Any CPU
		{6EA7BB1B-2134-A112-E20E-A72941E241C0}.Debug|Any CPU.ActiveCfg = Debug|Any CPU
		{6EA7BB1B-2134-A112-E20E-A72941E241C0}.Debug|Any CPU.Build.0 = Debug|Any CPU
		{6EA7BB1B-2134-A112-E20E-A72941E241C0}.Release|Any CPU.ActiveCfg = Release|Any CPU
		{6EA7BB1B-2134-A112-E20E-A72941E241C0}.Release|Any CPU.Build.0 = Release|Any CPU
		{378A0748-2A5E-7C74-70C1-6BB7C019DB4B}.Debug|Any CPU.ActiveCfg = Debug|Any CPU
		{378A0748-2A5E-7C74-70C1-6BB7C019DB4B}.Debug|Any CPU.Build.0 = Debug|Any CPU
		{378A0748-2A5E-7C74-70C1-6BB7C019DB4B}.Release|Any CPU.ActiveCfg = Release|Any CPU
		{378A0748-2A5E-7C74-70C1-6BB7C019DB4B}.Release|Any CPU.Build.0 = Release|Any CPU
		{F2C4FE2A-3272-7E47-ED13-8FA5F3666064}.Debug|Any CPU.ActiveCfg = Debug|Any CPU
		{F2C4FE2A-3272-7E47-ED13-8FA5F3666064}.Debug|Any CPU.Build.0 = Debug|Any CPU
		{F2C4FE2A-3272-7E47-ED13-8FA5F3666064}.Release|Any CPU.ActiveCfg = Release|Any CPU
		{F2C4FE2A-3272-7E47-ED13-8FA5F3666064}.Release|Any CPU.Build.0 = Release|Any CPU
	EndGlobalSection
	GlobalSection(SolutionProperties) = preSolution
		HideSolutionNode = FALSE
	EndGlobalSection
EndGlobal
