
Microsoft Visual Studio Solution File, Format Version 11.00
# Visual Studio 2010
Project("{FAE04EC0-301F-11D3-BF4B-00C04F79EFBC}") = "Assembly-CSharp", "Assembly-CSharp.csproj", "{1bbba76e-3421-12a1-e20e-a72941e241c0}"
EndProject
Project("{FAE04EC0-301F-11D3-BF4B-00C04F79EFBC}") = "Assembly-CSharp-Editor", "Assembly-CSharp-Editor.csproj", "{48078a37-5e2a-747c-70c1-6bb7c019db4b}"
EndProject
Global
	GlobalSection(SolutionConfigurationPlatforms) = preSolution
		Debug|Any CPU = Debug|Any CPU
	EndGlobalSection
	GlobalSection(ProjectConfigurationPlatforms) = postSolution
		{1bbba76e-3421-12a1-e20e-a72941e241c0}.Debug|Any CPU.ActiveCfg = Debug|Any CPU
		{1bbba76e-3421-12a1-e20e-a72941e241c0}.Debug|Any CPU.Build.0 = Debug|Any CPU
		{48078a37-5e2a-747c-70c1-6bb7c019db4b}.Debug|Any CPU.ActiveCfg = Debug|Any CPU
		{48078a37-5e2a-747c-70c1-6bb7c019db4b}.Debug|Any CPU.Build.0 = Debug|Any CPU
	EndGlobalSection
	GlobalSection(SolutionProperties) = preSolution
		HideSolutionNode = FALSE
	EndGlobalSection
EndGlobal
