
Microsoft Visual Studio Solution File, Format Version 12.00
# Visual Studio 15
Project("{FAE04EC0-301F-11D3-BF4B-00C04F79EFBC}") = "GoogleMobileAds", "GoogleMobileAds.csproj", "{DE04C1E2-0991-701C-D37B-0ADAD870AF77}"
EndProject
Project("{FAE04EC0-301F-11D3-BF4B-00C04F79EFBC}") = "Assembly-CSharp", "Assembly-CSharp.csproj", "{18E6FFAE-4EA8-4CDE-305E-C22A450209A9}"
EndProject
Project("{FAE04EC0-301F-11D3-BF4B-00C04F79EFBC}") = "Assembly-CSharp-Editor", "Assembly-CSharp-Editor.csproj", "{273825AB-0B35-A524-FECD-16A28A7B7C86}"
EndProject
Project("{FAE04EC0-301F-11D3-BF4B-00C04F79EFBC}") = "GoogleMobileAds.Editor", "GoogleMobileAds.Editor.csproj", "{718571DD-87C9-CFAF-CA81-FB8B369DE48C}"
EndProject
Global
	GlobalSection(SolutionConfigurationPlatforms) = preSolution
		Debug|Any CPU = Debug|Any CPU
		Release|Any CPU = Release|Any CPU
	EndGlobalSection
	GlobalSection(ProjectConfigurationPlatforms) = postSolution
		{DE04C1E2-0991-701C-D37B-0ADAD870AF77}.Debug|Any CPU.ActiveCfg = Debug|Any CPU
		{DE04C1E2-0991-701C-D37B-0ADAD870AF77}.Debug|Any CPU.Build.0 = Debug|Any CPU
		{DE04C1E2-0991-701C-D37B-0ADAD870AF77}.Release|Any CPU.ActiveCfg = Release|Any CPU
		{DE04C1E2-0991-701C-D37B-0ADAD870AF77}.Release|Any CPU.Build.0 = Release|Any CPU
		{18E6FFAE-4EA8-4CDE-305E-C22A450209A9}.Debug|Any CPU.ActiveCfg = Debug|Any CPU
		{18E6FFAE-4EA8-4CDE-305E-C22A450209A9}.Debug|Any CPU.Build.0 = Debug|Any CPU
		{18E6FFAE-4EA8-4CDE-305E-C22A450209A9}.Release|Any CPU.ActiveCfg = Release|Any CPU
		{18E6FFAE-4EA8-4CDE-305E-C22A450209A9}.Release|Any CPU.Build.0 = Release|Any CPU
		{273825AB-0B35-A524-FECD-16A28A7B7C86}.Debug|Any CPU.ActiveCfg = Debug|Any CPU
		{273825AB-0B35-A524-FECD-16A28A7B7C86}.Debug|Any CPU.Build.0 = Debug|Any CPU
		{273825AB-0B35-A524-FECD-16A28A7B7C86}.Release|Any CPU.ActiveCfg = Release|Any CPU
		{273825AB-0B35-A524-FECD-16A28A7B7C86}.Release|Any CPU.Build.0 = Release|Any CPU
		{718571DD-87C9-CFAF-CA81-FB8B369DE48C}.Debug|Any CPU.ActiveCfg = Debug|Any CPU
		{718571DD-87C9-CFAF-CA81-FB8B369DE48C}.Debug|Any CPU.Build.0 = Debug|Any CPU
		{718571DD-87C9-CFAF-CA81-FB8B369DE48C}.Release|Any CPU.ActiveCfg = Release|Any CPU
		{718571DD-87C9-CFAF-CA81-FB8B369DE48C}.Release|Any CPU.Build.0 = Release|Any CPU
	EndGlobalSection
	GlobalSection(SolutionProperties) = preSolution
		HideSolutionNode = FALSE
	EndGlobalSection
EndGlobal
